// !$*UTF8*$!
{
	archiveVersion = 1;
	classes = {
	};
	objectVersion = 51;
	objects = {

/* Begin PBXBuildFile section */
		1195C7E2247A43E600392FE2 /* MaskListCellViewModel.swift in Sources */ = {isa = PBXBuildFile; fileRef = 1195C7E1247A43E600392FE2 /* MaskListCellViewModel.swift */; };
		1195C7E4247A455000392FE2 /* MaskListViewModelTests.swift in Sources */ = {isa = PBXBuildFile; fileRef = 1195C7E3247A455000392FE2 /* MaskListViewModelTests.swift */; };
		1195C7E6247A677900392FE2 /* content.json in Resources */ = {isa = PBXBuildFile; fileRef = 1195C7E5247A677800392FE2 /* content.json */; };
		1195C7EB247A6D1E00392FE2 /* MockApiService.swift in Sources */ = {isa = PBXBuildFile; fileRef = 1195C7EA247A6D1E00392FE2 /* MockApiService.swift */; };
		1195C7EE247A6D8500392FE2 /* StubGenerator.swift in Sources */ = {isa = PBXBuildFile; fileRef = 1195C7ED247A6D8500392FE2 /* StubGenerator.swift */; };
		11B02099247A83D80032E692 /* MaskListCell.swift in Sources */ = {isa = PBXBuildFile; fileRef = 11B02098247A83D80032E692 /* MaskListCell.swift */; };
		4EFE45432691116AE51B5071 /* Pods_DemoMaskList.framework in Frameworks */ = {isa = PBXBuildFile; fileRef = 8013F1471B07757C42D0AEBA /* Pods_DemoMaskList.framework */; };
		98835739DC101C57146D1AB2 /* Pods_DemoMaskListTests.framework in Frameworks */ = {isa = PBXBuildFile; fileRef = 11629E6CBDC936D9061DA93E /* Pods_DemoMaskListTests.framework */; };
		FE1518582476565100CF24DD /* AppDelegate.swift in Sources */ = {isa = PBXBuildFile; fileRef = FE1518572476565100CF24DD /* AppDelegate.swift */; };
		FE15185A2476565100CF24DD /* SceneDelegate.swift in Sources */ = {isa = PBXBuildFile; fileRef = FE1518592476565100CF24DD /* SceneDelegate.swift */; };
		FE15185C2476565100CF24DD /* MaskListViewController.swift in Sources */ = {isa = PBXBuildFile; fileRef = FE15185B2476565100CF24DD /* MaskListViewController.swift */; };
		FE15185F2476565100CF24DD /* Main.storyboard in Resources */ = {isa = PBXBuildFile; fileRef = FE15185D2476565100CF24DD /* Main.storyboard */; };
		FE1518612476565400CF24DD /* Assets.xcassets in Resources */ = {isa = PBXBuildFile; fileRef = FE1518602476565400CF24DD /* Assets.xcassets */; };
		FE1518642476565400CF24DD /* LaunchScreen.storyboard in Resources */ = {isa = PBXBuildFile; fileRef = FE1518622476565400CF24DD /* LaunchScreen.storyboard */; };
		FE15186F2476565500CF24DD /* DemoMaskListTests.swift in Sources */ = {isa = PBXBuildFile; fileRef = FE15186E2476565500CF24DD /* DemoMaskListTests.swift */; };
		FE15187B2476572700CF24DD /* MaskListViewModel.swift in Sources */ = {isa = PBXBuildFile; fileRef = FE15187A2476572700CF24DD /* MaskListViewModel.swift */; };
		FE15187D2476573C00CF24DD /* MaskList.swift in Sources */ = {isa = PBXBuildFile; fileRef = FE15187C2476573C00CF24DD /* MaskList.swift */; };
		FE151880247657A200CF24DD /* MaskListApiService.swift in Sources */ = {isa = PBXBuildFile; fileRef = FE15187F247657A200CF24DD /* MaskListApiService.swift */; };
		FE1518822476580200CF24DD /* ApiServiceProtocol.swift in Sources */ = {isa = PBXBuildFile; fileRef = FE1518812476580200CF24DD /* ApiServiceProtocol.swift */; };
		FE1518842476590200CF24DD /* ApiError.swift in Sources */ = {isa = PBXBuildFile; fileRef = FE1518832476590200CF24DD /* ApiError.swift */; };
		FE15188624765B8900CF24DD /* Mask.swift in Sources */ = {isa = PBXBuildFile; fileRef = FE15188524765B8900CF24DD /* Mask.swift */; };
		FE15188B24765C0400CF24DD /* MaskProperty.swift in Sources */ = {isa = PBXBuildFile; fileRef = FE15188A24765C0400CF24DD /* MaskProperty.swift */; };
		FE15188D24765C1300CF24DD /* MaskGeometry.swift in Sources */ = {isa = PBXBuildFile; fileRef = FE15188C24765C1300CF24DD /* MaskGeometry.swift */; };
		FE15188F24766ABF00CF24DD /* URLSessionProtocol.swift in Sources */ = {isa = PBXBuildFile; fileRef = FE15188E24766ABF00CF24DD /* URLSessionProtocol.swift */; };
		FE151893247765B900CF24DD /* MockSession.swift in Sources */ = {isa = PBXBuildFile; fileRef = FE151892247765B900CF24DD /* MockSession.swift */; };
		FE151895247768F100CF24DD /* MaskServiceTests.swift in Sources */ = {isa = PBXBuildFile; fileRef = FE151894247768F100CF24DD /* MaskServiceTests.swift */; };
		FEBFF173248E130B00BE8297 /* APIClientProtocol.swift in Sources */ = {isa = PBXBuildFile; fileRef = FEBFF172248E130B00BE8297 /* APIClientProtocol.swift */; };
		FEBFF175248E1BA600BE8297 /* MockAPIRequest.swift in Sources */ = {isa = PBXBuildFile; fileRef = FEBFF174248E1BA600BE8297 /* MockAPIRequest.swift */; };
		FECC6585248E0EB9008AFF9F /* APIRequestProtocol.swift in Sources */ = {isa = PBXBuildFile; fileRef = FECC6584248E0EB9008AFF9F /* APIRequestProtocol.swift */; };
		FECC6587248E0EE8008AFF9F /* RequestType.swift in Sources */ = {isa = PBXBuildFile; fileRef = FECC6586248E0EE8008AFF9F /* RequestType.swift */; };
		FEFAB0272488CD24009DE036 /* MockRxSession.swift in Sources */ = {isa = PBXBuildFile; fileRef = FEFAB0262488CD24009DE036 /* MockRxSession.swift */; };
/* End PBXBuildFile section */

/* Begin PBXContainerItemProxy section */
		FE15186B2476565500CF24DD /* PBXContainerItemProxy */ = {
			isa = PBXContainerItemProxy;
			containerPortal = FE15184C2476565100CF24DD /* Project object */;
			proxyType = 1;
			remoteGlobalIDString = FE1518532476565100CF24DD;
			remoteInfo = DemoMaskList;
		};
/* End PBXContainerItemProxy section */

/* Begin PBXFileReference section */
		11629E6CBDC936D9061DA93E /* Pods_DemoMaskListTests.framework */ = {isa = PBXFileReference; explicitFileType = wrapper.framework; includeInIndex = 0; path = Pods_DemoMaskListTests.framework; sourceTree = BUILT_PRODUCTS_DIR; };
		1195C7E1247A43E600392FE2 /* MaskListCellViewModel.swift */ = {isa = PBXFileReference; lastKnownFileType = sourcecode.swift; path = MaskListCellViewModel.swift; sourceTree = "<group>"; };
		1195C7E3247A455000392FE2 /* MaskListViewModelTests.swift */ = {isa = PBXFileReference; lastKnownFileType = sourcecode.swift; path = MaskListViewModelTests.swift; sourceTree = "<group>"; };
		1195C7E5247A677800392FE2 /* content.json */ = {isa = PBXFileReference; fileEncoding = 4; lastKnownFileType = text.json; path = content.json; sourceTree = "<group>"; };
		1195C7EA247A6D1E00392FE2 /* MockApiService.swift */ = {isa = PBXFileReference; lastKnownFileType = sourcecode.swift; path = MockApiService.swift; sourceTree = "<group>"; };
		1195C7ED247A6D8500392FE2 /* StubGenerator.swift */ = {isa = PBXFileReference; lastKnownFileType = sourcecode.swift; path = StubGenerator.swift; sourceTree = "<group>"; };
		11B02098247A83D80032E692 /* MaskListCell.swift */ = {isa = PBXFileReference; lastKnownFileType = sourcecode.swift; path = MaskListCell.swift; sourceTree = "<group>"; };
		36A7EE8B26E3A72FC236FB06 /* Pods-DemoMaskList.release.xcconfig */ = {isa = PBXFileReference; includeInIndex = 1; lastKnownFileType = text.xcconfig; name = "Pods-DemoMaskList.release.xcconfig"; path = "Target Support Files/Pods-DemoMaskList/Pods-DemoMaskList.release.xcconfig"; sourceTree = "<group>"; };
		5AAC233CCA53DDB719B38F63 /* Pods-DemoMaskListTests.debug.xcconfig */ = {isa = PBXFileReference; includeInIndex = 1; lastKnownFileType = text.xcconfig; name = "Pods-DemoMaskListTests.debug.xcconfig"; path = "Target Support Files/Pods-DemoMaskListTests/Pods-DemoMaskListTests.debug.xcconfig"; sourceTree = "<group>"; };
		8013F1471B07757C42D0AEBA /* Pods_DemoMaskList.framework */ = {isa = PBXFileReference; explicitFileType = wrapper.framework; includeInIndex = 0; path = Pods_DemoMaskList.framework; sourceTree = BUILT_PRODUCTS_DIR; };
		B6A770E714B1556E9EDC8B6A /* Pods-DemoMaskListTests.release.xcconfig */ = {isa = PBXFileReference; includeInIndex = 1; lastKnownFileType = text.xcconfig; name = "Pods-DemoMaskListTests.release.xcconfig"; path = "Target Support Files/Pods-DemoMaskListTests/Pods-DemoMaskListTests.release.xcconfig"; sourceTree = "<group>"; };
		C9175DA5E7DE00D241DC2024 /* Pods-DemoMaskList.debug.xcconfig */ = {isa = PBXFileReference; includeInIndex = 1; lastKnownFileType = text.xcconfig; name = "Pods-DemoMaskList.debug.xcconfig"; path = "Target Support Files/Pods-DemoMaskList/Pods-DemoMaskList.debug.xcconfig"; sourceTree = "<group>"; };
		FE1518542476565100CF24DD /* DemoMaskList.app */ = {isa = PBXFileReference; explicitFileType = wrapper.application; includeInIndex = 0; path = DemoMaskList.app; sourceTree = BUILT_PRODUCTS_DIR; };
		FE1518572476565100CF24DD /* AppDelegate.swift */ = {isa = PBXFileReference; lastKnownFileType = sourcecode.swift; path = AppDelegate.swift; sourceTree = "<group>"; };
		FE1518592476565100CF24DD /* SceneDelegate.swift */ = {isa = PBXFileReference; lastKnownFileType = sourcecode.swift; path = SceneDelegate.swift; sourceTree = "<group>"; };
		FE15185B2476565100CF24DD /* MaskListViewController.swift */ = {isa = PBXFileReference; lastKnownFileType = sourcecode.swift; path = MaskListViewController.swift; sourceTree = "<group>"; };
		FE15185E2476565100CF24DD /* Base */ = {isa = PBXFileReference; lastKnownFileType = file.storyboard; name = Base; path = Base.lproj/Main.storyboard; sourceTree = "<group>"; };
		FE1518602476565400CF24DD /* Assets.xcassets */ = {isa = PBXFileReference; lastKnownFileType = folder.assetcatalog; path = Assets.xcassets; sourceTree = "<group>"; };
		FE1518632476565400CF24DD /* Base */ = {isa = PBXFileReference; lastKnownFileType = file.storyboard; name = Base; path = Base.lproj/LaunchScreen.storyboard; sourceTree = "<group>"; };
		FE1518652476565400CF24DD /* Info.plist */ = {isa = PBXFileReference; lastKnownFileType = text.plist.xml; path = Info.plist; sourceTree = "<group>"; };
		FE15186A2476565500CF24DD /* DemoMaskListTests.xctest */ = {isa = PBXFileReference; explicitFileType = wrapper.cfbundle; includeInIndex = 0; path = DemoMaskListTests.xctest; sourceTree = BUILT_PRODUCTS_DIR; };
		FE15186E2476565500CF24DD /* DemoMaskListTests.swift */ = {isa = PBXFileReference; lastKnownFileType = sourcecode.swift; path = DemoMaskListTests.swift; sourceTree = "<group>"; };
		FE1518702476565500CF24DD /* Info.plist */ = {isa = PBXFileReference; lastKnownFileType = text.plist.xml; path = Info.plist; sourceTree = "<group>"; };
		FE15187A2476572700CF24DD /* MaskListViewModel.swift */ = {isa = PBXFileReference; lastKnownFileType = sourcecode.swift; path = MaskListViewModel.swift; sourceTree = "<group>"; };
		FE15187C2476573C00CF24DD /* MaskList.swift */ = {isa = PBXFileReference; lastKnownFileType = sourcecode.swift; path = MaskList.swift; sourceTree = "<group>"; };
		FE15187F247657A200CF24DD /* MaskListApiService.swift */ = {isa = PBXFileReference; lastKnownFileType = sourcecode.swift; path = MaskListApiService.swift; sourceTree = "<group>"; };
		FE1518812476580200CF24DD /* ApiServiceProtocol.swift */ = {isa = PBXFileReference; lastKnownFileType = sourcecode.swift; path = ApiServiceProtocol.swift; sourceTree = "<group>"; };
		FE1518832476590200CF24DD /* ApiError.swift */ = {isa = PBXFileReference; lastKnownFileType = sourcecode.swift; path = ApiError.swift; sourceTree = "<group>"; };
		FE15188524765B8900CF24DD /* Mask.swift */ = {isa = PBXFileReference; lastKnownFileType = sourcecode.swift; path = Mask.swift; sourceTree = "<group>"; };
		FE15188A24765C0400CF24DD /* MaskProperty.swift */ = {isa = PBXFileReference; lastKnownFileType = sourcecode.swift; path = MaskProperty.swift; sourceTree = "<group>"; };
		FE15188C24765C1300CF24DD /* MaskGeometry.swift */ = {isa = PBXFileReference; lastKnownFileType = sourcecode.swift; path = MaskGeometry.swift; sourceTree = "<group>"; };
		FE15188E24766ABF00CF24DD /* URLSessionProtocol.swift */ = {isa = PBXFileReference; lastKnownFileType = sourcecode.swift; path = URLSessionProtocol.swift; sourceTree = "<group>"; };
		FE151892247765B900CF24DD /* MockSession.swift */ = {isa = PBXFileReference; lastKnownFileType = sourcecode.swift; path = MockSession.swift; sourceTree = "<group>"; };
		FE151894247768F100CF24DD /* MaskServiceTests.swift */ = {isa = PBXFileReference; lastKnownFileType = sourcecode.swift; path = MaskServiceTests.swift; sourceTree = "<group>"; };
		FEBFF172248E130B00BE8297 /* APIClientProtocol.swift */ = {isa = PBXFileReference; lastKnownFileType = sourcecode.swift; path = APIClientProtocol.swift; sourceTree = "<group>"; };
		FEBFF174248E1BA600BE8297 /* MockAPIRequest.swift */ = {isa = PBXFileReference; lastKnownFileType = sourcecode.swift; path = MockAPIRequest.swift; sourceTree = "<group>"; };
		FECC6584248E0EB9008AFF9F /* APIRequestProtocol.swift */ = {isa = PBXFileReference; lastKnownFileType = sourcecode.swift; path = APIRequestProtocol.swift; sourceTree = "<group>"; };
		FECC6586248E0EE8008AFF9F /* RequestType.swift */ = {isa = PBXFileReference; lastKnownFileType = sourcecode.swift; path = RequestType.swift; sourceTree = "<group>"; };
		FEFAB0262488CD24009DE036 /* MockRxSession.swift */ = {isa = PBXFileReference; lastKnownFileType = sourcecode.swift; path = MockRxSession.swift; sourceTree = "<group>"; };
/* End PBXFileReference section */

/* Begin PBXFrameworksBuildPhase section */
		FE1518512476565100CF24DD /* Frameworks */ = {
			isa = PBXFrameworksBuildPhase;
			buildActionMask = 2147483647;
			files = (
				4EFE45432691116AE51B5071 /* Pods_DemoMaskList.framework in Frameworks */,
			);
			runOnlyForDeploymentPostprocessing = 0;
		};
		FE1518672476565500CF24DD /* Frameworks */ = {
			isa = PBXFrameworksBuildPhase;
			buildActionMask = 2147483647;
			files = (
				98835739DC101C57146D1AB2 /* Pods_DemoMaskListTests.framework in Frameworks */,
			);
			runOnlyForDeploymentPostprocessing = 0;
		};
/* End PBXFrameworksBuildPhase section */

/* Begin PBXGroup section */
		1195C7E7247A6CE100392FE2 /* MaskServiceTests */ = {
			isa = PBXGroup;
			children = (
				FE151894247768F100CF24DD /* MaskServiceTests.swift */,
			);
			path = MaskServiceTests;
			sourceTree = "<group>";
		};
		1195C7E8247A6CF800392FE2 /* ViewModelTests */ = {
			isa = PBXGroup;
			children = (
				1195C7E3247A455000392FE2 /* MaskListViewModelTests.swift */,
			);
			path = ViewModelTests;
			sourceTree = "<group>";
		};
		1195C7E9247A6D0C00392FE2 /* Mock */ = {
			isa = PBXGroup;
			children = (
				1195C7EA247A6D1E00392FE2 /* MockApiService.swift */,
				FEFAB0262488CD24009DE036 /* MockRxSession.swift */,
				FEBFF174248E1BA600BE8297 /* MockAPIRequest.swift */,
			);
			path = Mock;
			sourceTree = "<group>";
		};
		1195C7EC247A6D6600392FE2 /* Stub */ = {
			isa = PBXGroup;
			children = (
				1195C7ED247A6D8500392FE2 /* StubGenerator.swift */,
			);
			path = Stub;
			sourceTree = "<group>";
		};
		64AE057BD1BE8B57F73F516C /* Pods */ = {
			isa = PBXGroup;
			children = (
				C9175DA5E7DE00D241DC2024 /* Pods-DemoMaskList.debug.xcconfig */,
				36A7EE8B26E3A72FC236FB06 /* Pods-DemoMaskList.release.xcconfig */,
				5AAC233CCA53DDB719B38F63 /* Pods-DemoMaskListTests.debug.xcconfig */,
				B6A770E714B1556E9EDC8B6A /* Pods-DemoMaskListTests.release.xcconfig */,
			);
			path = Pods;
			sourceTree = "<group>";
		};
		AEF79C91A4B5509739079ACF /* Frameworks */ = {
			isa = PBXGroup;
			children = (
				8013F1471B07757C42D0AEBA /* Pods_DemoMaskList.framework */,
				11629E6CBDC936D9061DA93E /* Pods_DemoMaskListTests.framework */,
			);
			name = Frameworks;
			sourceTree = "<group>";
		};
		FE15184B2476565100CF24DD = {
			isa = PBXGroup;
			children = (
				FE1518562476565100CF24DD /* DemoMaskList */,
				FE15186D2476565500CF24DD /* DemoMaskListTests */,
				FE1518552476565100CF24DD /* Products */,
				64AE057BD1BE8B57F73F516C /* Pods */,
				AEF79C91A4B5509739079ACF /* Frameworks */,
			);
			sourceTree = "<group>";
		};
		FE1518552476565100CF24DD /* Products */ = {
			isa = PBXGroup;
			children = (
				FE1518542476565100CF24DD /* DemoMaskList.app */,
				FE15186A2476565500CF24DD /* DemoMaskListTests.xctest */,
			);
			name = Products;
			sourceTree = "<group>";
		};
		FE1518562476565100CF24DD /* DemoMaskList */ = {
			isa = PBXGroup;
			children = (
				FE15187E2476577C00CF24DD /* Service */,
				FE1518792476570500CF24DD /* MaskList */,
				FE1518572476565100CF24DD /* AppDelegate.swift */,
				FE1518592476565100CF24DD /* SceneDelegate.swift */,
				FE15185D2476565100CF24DD /* Main.storyboard */,
				FE1518602476565400CF24DD /* Assets.xcassets */,
				FE1518622476565400CF24DD /* LaunchScreen.storyboard */,
				FE1518652476565400CF24DD /* Info.plist */,
			);
			path = DemoMaskList;
			sourceTree = "<group>";
		};
		FE15186D2476565500CF24DD /* DemoMaskListTests */ = {
			isa = PBXGroup;
			children = (
				1195C7EC247A6D6600392FE2 /* Stub */,
				1195C7E9247A6D0C00392FE2 /* Mock */,
				1195C7E8247A6CF800392FE2 /* ViewModelTests */,
				1195C7E7247A6CE100392FE2 /* MaskServiceTests */,
				FE15186E2476565500CF24DD /* DemoMaskListTests.swift */,
				FE1518702476565500CF24DD /* Info.plist */,
			);
			path = DemoMaskListTests;
			sourceTree = "<group>";
		};
		FE1518792476570500CF24DD /* MaskList */ = {
			isa = PBXGroup;
			children = (
				FE15188924765BC500CF24DD /* Model */,
				FE15188824765BBF00CF24DD /* ViewModel */,
				FE15188724765BB700CF24DD /* View */,
			);
			path = MaskList;
			sourceTree = "<group>";
		};
		FE15187E2476577C00CF24DD /* Service */ = {
			isa = PBXGroup;
			children = (
				1195C7E5247A677800392FE2 /* content.json */,
				FE1518812476580200CF24DD /* ApiServiceProtocol.swift */,
				FE1518832476590200CF24DD /* ApiError.swift */,
				FE15188E24766ABF00CF24DD /* URLSessionProtocol.swift */,
				FE15189024766BF100CF24DD /* Services */,
			);
			path = Service;
			sourceTree = "<group>";
		};
		FE15188724765BB700CF24DD /* View */ = {
			isa = PBXGroup;
			children = (
				FE15185B2476565100CF24DD /* MaskListViewController.swift */,
				11B02098247A83D80032E692 /* MaskListCell.swift */,
			);
			path = View;
			sourceTree = "<group>";
		};
		FE15188824765BBF00CF24DD /* ViewModel */ = {
			isa = PBXGroup;
			children = (
				FE15187A2476572700CF24DD /* MaskListViewModel.swift */,
				1195C7E1247A43E600392FE2 /* MaskListCellViewModel.swift */,
			);
			path = ViewModel;
			sourceTree = "<group>";
		};
		FE15188924765BC500CF24DD /* Model */ = {
			isa = PBXGroup;
			children = (
				FE15187C2476573C00CF24DD /* MaskList.swift */,
				FE15188524765B8900CF24DD /* Mask.swift */,
				FE15188A24765C0400CF24DD /* MaskProperty.swift */,
				FE15188C24765C1300CF24DD /* MaskGeometry.swift */,
			);
			path = Model;
			sourceTree = "<group>";
		};
		FE15189024766BF100CF24DD /* Services */ = {
			isa = PBXGroup;
			children = (
				FECC6583248E0EA1008AFF9F /* Request */,
				FECC6582248E0E92008AFF9F /* Client */,
				FE151891247765A500CF24DD /* Session */,
				FE15187F247657A200CF24DD /* MaskListApiService.swift */,
			);
			path = Services;
			sourceTree = "<group>";
		};
		FE151891247765A500CF24DD /* Session */ = {
			isa = PBXGroup;
			children = (
				FE151892247765B900CF24DD /* MockSession.swift */,
			);
			path = Session;
			sourceTree = "<group>";
		};
		FECC6582248E0E92008AFF9F /* Client */ = {
			isa = PBXGroup;
			children = (
				FEBFF172248E130B00BE8297 /* APIClientProtocol.swift */,
			);
			path = Client;
			sourceTree = "<group>";
		};
		FECC6583248E0EA1008AFF9F /* Request */ = {
			isa = PBXGroup;
			children = (
				FECC6584248E0EB9008AFF9F /* APIRequestProtocol.swift */,
				FECC6586248E0EE8008AFF9F /* RequestType.swift */,
			);
			path = Request;
			sourceTree = "<group>";
		};
/* End PBXGroup section */

/* Begin PBXNativeTarget section */
		FE1518532476565100CF24DD /* DemoMaskList */ = {
			isa = PBXNativeTarget;
			buildConfigurationList = FE1518732476565500CF24DD /* Build configuration list for PBXNativeTarget "DemoMaskList" */;
			buildPhases = (
				B8E738625D54C4728A3E3AFD /* [CP] Check Pods Manifest.lock */,
				FE1518502476565100CF24DD /* Sources */,
				FE1518512476565100CF24DD /* Frameworks */,
				FE1518522476565100CF24DD /* Resources */,
				8D29280CDBB9735EC274207B /* [CP] Embed Pods Frameworks */,
			);
			buildRules = (
			);
			dependencies = (
			);
			name = DemoMaskList;
			productName = DemoMaskList;
			productReference = FE1518542476565100CF24DD /* DemoMaskList.app */;
			productType = "com.apple.product-type.application";
		};
		FE1518692476565500CF24DD /* DemoMaskListTests */ = {
			isa = PBXNativeTarget;
			buildConfigurationList = FE1518762476565500CF24DD /* Build configuration list for PBXNativeTarget "DemoMaskListTests" */;
			buildPhases = (
				10929E8249AA7A347BD1476E /* [CP] Check Pods Manifest.lock */,
				FE1518662476565500CF24DD /* Sources */,
				FE1518672476565500CF24DD /* Frameworks */,
				FE1518682476565500CF24DD /* Resources */,
				DA7E1847CA6133C0182B59D4 /* [CP] Embed Pods Frameworks */,
			);
			buildRules = (
			);
			dependencies = (
				FE15186C2476565500CF24DD /* PBXTargetDependency */,
			);
			name = DemoMaskListTests;
			productName = DemoMaskListTests;
			productReference = FE15186A2476565500CF24DD /* DemoMaskListTests.xctest */;
			productType = "com.apple.product-type.bundle.unit-test";
		};
/* End PBXNativeTarget section */

/* Begin PBXProject section */
		FE15184C2476565100CF24DD /* Project object */ = {
			isa = PBXProject;
			attributes = {
				LastSwiftUpdateCheck = 1140;
				LastUpgradeCheck = 1140;
				ORGANIZATIONNAME = com.kinlive;
				TargetAttributes = {
					FE1518532476565100CF24DD = {
						CreatedOnToolsVersion = 11.4.1;
					};
					FE1518692476565500CF24DD = {
						CreatedOnToolsVersion = 11.4.1;
						TestTargetID = FE1518532476565100CF24DD;
					};
				};
			};
			buildConfigurationList = FE15184F2476565100CF24DD /* Build configuration list for PBXProject "DemoMaskList" */;
			compatibilityVersion = "Xcode 9.3";
			developmentRegion = en;
			hasScannedForEncodings = 0;
			knownRegions = (
				en,
				Base,
			);
			mainGroup = FE15184B2476565100CF24DD;
			productRefGroup = FE1518552476565100CF24DD /* Products */;
			projectDirPath = "";
			projectRoot = "";
			targets = (
				FE1518532476565100CF24DD /* DemoMaskList */,
				FE1518692476565500CF24DD /* DemoMaskListTests */,
			);
		};
/* End PBXProject section */

/* Begin PBXResourcesBuildPhase section */
		FE1518522476565100CF24DD /* Resources */ = {
			isa = PBXResourcesBuildPhase;
			buildActionMask = 2147483647;
			files = (
				FE1518642476565400CF24DD /* LaunchScreen.storyboard in Resources */,
				FE1518612476565400CF24DD /* Assets.xcassets in Resources */,
				FE15185F2476565100CF24DD /* Main.storyboard in Resources */,
				1195C7E6247A677900392FE2 /* content.json in Resources */,
			);
			runOnlyForDeploymentPostprocessing = 0;
		};
		FE1518682476565500CF24DD /* Resources */ = {
			isa = PBXResourcesBuildPhase;
			buildActionMask = 2147483647;
			files = (
			);
			runOnlyForDeploymentPostprocessing = 0;
		};
/* End PBXResourcesBuildPhase section */

/* Begin PBXShellScriptBuildPhase section */
		10929E8249AA7A347BD1476E /* [CP] Check Pods Manifest.lock */ = {
			isa = PBXShellScriptBuildPhase;
			buildActionMask = 2147483647;
			files = (
			);
			inputFileListPaths = (
			);
			inputPaths = (
				"${PODS_PODFILE_DIR_PATH}/Podfile.lock",
				"${PODS_ROOT}/Manifest.lock",
			);
			name = "[CP] Check Pods Manifest.lock";
			outputFileListPaths = (
			);
			outputPaths = (
				"$(DERIVED_FILE_DIR)/Pods-DemoMaskListTests-checkManifestLockResult.txt",
			);
			runOnlyForDeploymentPostprocessing = 0;
			shellPath = /bin/sh;
			shellScript = "diff \"${PODS_PODFILE_DIR_PATH}/Podfile.lock\" \"${PODS_ROOT}/Manifest.lock\" > /dev/null\nif [ $? != 0 ] ; then\n    # print error to STDERR\n    echo \"error: The sandbox is not in sync with the Podfile.lock. Run 'pod install' or update your CocoaPods installation.\" >&2\n    exit 1\nfi\n# This output is used by Xcode 'outputs' to avoid re-running this script phase.\necho \"SUCCESS\" > \"${SCRIPT_OUTPUT_FILE_0}\"\n";
			showEnvVarsInLog = 0;
		};
		8D29280CDBB9735EC274207B /* [CP] Embed Pods Frameworks */ = {
			isa = PBXShellScriptBuildPhase;
			buildActionMask = 2147483647;
			files = (
			);
			inputFileListPaths = (
				"${PODS_ROOT}/Target Support Files/Pods-DemoMaskList/Pods-DemoMaskList-frameworks-${CONFIGURATION}-input-files.xcfilelist",
			);
			name = "[CP] Embed Pods Frameworks";
			outputFileListPaths = (
				"${PODS_ROOT}/Target Support Files/Pods-DemoMaskList/Pods-DemoMaskList-frameworks-${CONFIGURATION}-output-files.xcfilelist",
			);
			runOnlyForDeploymentPostprocessing = 0;
			shellPath = /bin/sh;
			shellScript = "\"${PODS_ROOT}/Target Support Files/Pods-DemoMaskList/Pods-DemoMaskList-frameworks.sh\"\n";
			showEnvVarsInLog = 0;
		};
		B8E738625D54C4728A3E3AFD /* [CP] Check Pods Manifest.lock */ = {
			isa = PBXShellScriptBuildPhase;
			buildActionMask = 2147483647;
			files = (
			);
			inputFileListPaths = (
			);
			inputPaths = (
				"${PODS_PODFILE_DIR_PATH}/Podfile.lock",
				"${PODS_ROOT}/Manifest.lock",
			);
			name = "[CP] Check Pods Manifest.lock";
			outputFileListPaths = (
			);
			outputPaths = (
				"$(DERIVED_FILE_DIR)/Pods-DemoMaskList-checkManifestLockResult.txt",
			);
			runOnlyForDeploymentPostprocessing = 0;
			shellPath = /bin/sh;
			shellScript = "diff \"${PODS_PODFILE_DIR_PATH}/Podfile.lock\" \"${PODS_ROOT}/Manifest.lock\" > /dev/null\nif [ $? != 0 ] ; then\n    # print error to STDERR\n    echo \"error: The sandbox is not in sync with the Podfile.lock. Run 'pod install' or update your CocoaPods installation.\" >&2\n    exit 1\nfi\n# This output is used by Xcode 'outputs' to avoid re-running this script phase.\necho \"SUCCESS\" > \"${SCRIPT_OUTPUT_FILE_0}\"\n";
			showEnvVarsInLog = 0;
		};
		DA7E1847CA6133C0182B59D4 /* [CP] Embed Pods Frameworks */ = {
			isa = PBXShellScriptBuildPhase;
			buildActionMask = 2147483647;
			files = (
			);
			inputFileListPaths = (
				"${PODS_ROOT}/Target Support Files/Pods-DemoMaskListTests/Pods-DemoMaskListTests-frameworks-${CONFIGURATION}-input-files.xcfilelist",
			);
			name = "[CP] Embed Pods Frameworks";
			outputFileListPaths = (
				"${PODS_ROOT}/Target Support Files/Pods-DemoMaskListTests/Pods-DemoMaskListTests-frameworks-${CONFIGURATION}-output-files.xcfilelist",
			);
			runOnlyForDeploymentPostprocessing = 0;
			shellPath = /bin/sh;
			shellScript = "\"${PODS_ROOT}/Target Support Files/Pods-DemoMaskListTests/Pods-DemoMaskListTests-frameworks.sh\"\n";
			showEnvVarsInLog = 0;
		};
/* End PBXShellScriptBuildPhase section */

/* Begin PBXSourcesBuildPhase section */
		FE1518502476565100CF24DD /* Sources */ = {
			isa = PBXSourcesBuildPhase;
			buildActionMask = 2147483647;
			files = (
				FE15188F24766ABF00CF24DD /* URLSessionProtocol.swift in Sources */,
				FE15188B24765C0400CF24DD /* MaskProperty.swift in Sources */,
				FE15185C2476565100CF24DD /* MaskListViewController.swift in Sources */,
				FE15187D2476573C00CF24DD /* MaskList.swift in Sources */,
				FE15188624765B8900CF24DD /* Mask.swift in Sources */,
				11B02099247A83D80032E692 /* MaskListCell.swift in Sources */,
				FE1518582476565100CF24DD /* AppDelegate.swift in Sources */,
				FE1518822476580200CF24DD /* ApiServiceProtocol.swift in Sources */,
				FE151880247657A200CF24DD /* MaskListApiService.swift in Sources */,
				FE15188D24765C1300CF24DD /* MaskGeometry.swift in Sources */,
				FECC6587248E0EE8008AFF9F /* RequestType.swift in Sources */,
				FEBFF173248E130B00BE8297 /* APIClientProtocol.swift in Sources */,
				FE1518842476590200CF24DD /* ApiError.swift in Sources */,
				1195C7E2247A43E600392FE2 /* MaskListCellViewModel.swift in Sources */,
				FE15187B2476572700CF24DD /* MaskListViewModel.swift in Sources */,
				FE15185A2476565100CF24DD /* SceneDelegate.swift in Sources */,
				FECC6585248E0EB9008AFF9F /* APIRequestProtocol.swift in Sources */,
				FE151893247765B900CF24DD /* MockSession.swift in Sources */,
			);
			runOnlyForDeploymentPostprocessing = 0;
		};
		FE1518662476565500CF24DD /* Sources */ = {
			isa = PBXSourcesBuildPhase;
			buildActionMask = 2147483647;
			files = (
				FEFAB0272488CD24009DE036 /* MockRxSession.swift in Sources */,
				1195C7EB247A6D1E00392FE2 /* MockApiService.swift in Sources */,
				FEBFF175248E1BA600BE8297 /* MockAPIRequest.swift in Sources */,
				1195C7E4247A455000392FE2 /* MaskListViewModelTests.swift in Sources */,
				1195C7EE247A6D8500392FE2 /* StubGenerator.swift in Sources */,
				FE15186F2476565500CF24DD /* DemoMaskListTests.swift in Sources */,
				FE151895247768F100CF24DD /* MaskServiceTests.swift in Sources */,
			);
			runOnlyForDeploymentPostprocessing = 0;
		};
/* End PBXSourcesBuildPhase section */

/* Begin PBXTargetDependency section */
		FE15186C2476565500CF24DD /* PBXTargetDependency */ = {
			isa = PBXTargetDependency;
			target = FE1518532476565100CF24DD /* DemoMaskList */;
			targetProxy = FE15186B2476565500CF24DD /* PBXContainerItemProxy */;
		};
/* End PBXTargetDependency section */

/* Begin PBXVariantGroup section */
		FE15185D2476565100CF24DD /* Main.storyboard */ = {
			isa = PBXVariantGroup;
			children = (
				FE15185E2476565100CF24DD /* Base */,
			);
			name = Main.storyboard;
			sourceTree = "<group>";
		};
		FE1518622476565400CF24DD /* LaunchScreen.storyboard */ = {
			isa = PBXVariantGroup;
			children = (
				FE1518632476565400CF24DD /* Base */,
			);
			name = LaunchScreen.storyboard;
			sourceTree = "<group>";
		};
/* End PBXVariantGroup section */

/* Begin XCBuildConfiguration section */
		FE1518712476565500CF24DD /* Debug */ = {
			isa = XCBuildConfiguration;
			buildSettings = {
				ALWAYS_SEARCH_USER_PATHS = NO;
				CLANG_ANALYZER_NONNULL = YES;
				CLANG_ANALYZER_NUMBER_OBJECT_CONVERSION = YES_AGGRESSIVE;
				CLANG_CXX_LANGUAGE_STANDARD = "gnu++14";
				CLANG_CXX_LIBRARY = "libc++";
				CLANG_ENABLE_MODULES = YES;
				CLANG_ENABLE_OBJC_ARC = YES;
				CLANG_ENABLE_OBJC_WEAK = YES;
				CLANG_WARN_BLOCK_CAPTURE_AUTORELEASING = YES;
				CLANG_WARN_BOOL_CONVERSION = YES;
				CLANG_WARN_COMMA = YES;
				CLANG_WARN_CONSTANT_CONVERSION = YES;
				CLANG_WARN_DEPRECATED_OBJC_IMPLEMENTATIONS = YES;
				CLANG_WARN_DIRECT_OBJC_ISA_USAGE = YES_ERROR;
				CLANG_WARN_DOCUMENTATION_COMMENTS = YES;
				CLANG_WARN_EMPTY_BODY = YES;
				CLANG_WARN_ENUM_CONVERSION = YES;
				CLANG_WARN_INFINITE_RECURSION = YES;
				CLANG_WARN_INT_CONVERSION = YES;
				CLANG_WARN_NON_LITERAL_NULL_CONVERSION = YES;
				CLANG_WARN_OBJC_IMPLICIT_RETAIN_SELF = YES;
				CLANG_WARN_OBJC_LITERAL_CONVERSION = YES;
				CLANG_WARN_OBJC_ROOT_CLASS = YES_ERROR;
				CLANG_WARN_RANGE_LOOP_ANALYSIS = YES;
				CLANG_WARN_STRICT_PROTOTYPES = YES;
				CLANG_WARN_SUSPICIOUS_MOVE = YES;
				CLANG_WARN_UNGUARDED_AVAILABILITY = YES_AGGRESSIVE;
				CLANG_WARN_UNREACHABLE_CODE = YES;
				CLANG_WARN__DUPLICATE_METHOD_MATCH = YES;
				COPY_PHASE_STRIP = NO;
				DEBUG_INFORMATION_FORMAT = dwarf;
				ENABLE_STRICT_OBJC_MSGSEND = YES;
				ENABLE_TESTABILITY = YES;
				GCC_C_LANGUAGE_STANDARD = gnu11;
				GCC_DYNAMIC_NO_PIC = NO;
				GCC_NO_COMMON_BLOCKS = YES;
				GCC_OPTIMIZATION_LEVEL = 0;
				GCC_PREPROCESSOR_DEFINITIONS = (
					"DEBUG=1",
					"$(inherited)",
				);
				GCC_WARN_64_TO_32_BIT_CONVERSION = YES;
				GCC_WARN_ABOUT_RETURN_TYPE = YES_ERROR;
				GCC_WARN_UNDECLARED_SELECTOR = YES;
				GCC_WARN_UNINITIALIZED_AUTOS = YES_AGGRESSIVE;
				GCC_WARN_UNUSED_FUNCTION = YES;
				GCC_WARN_UNUSED_VARIABLE = YES;
				IPHONEOS_DEPLOYMENT_TARGET = 13.4;
				MTL_ENABLE_DEBUG_INFO = INCLUDE_SOURCE;
				MTL_FAST_MATH = YES;
				ONLY_ACTIVE_ARCH = YES;
				SDKROOT = iphoneos;
				SWIFT_ACTIVE_COMPILATION_CONDITIONS = DEBUG;
				SWIFT_OPTIMIZATION_LEVEL = "-Onone";
			};
			name = Debug;
		};
		FE1518722476565500CF24DD /* Release */ = {
			isa = XCBuildConfiguration;
			buildSettings = {
				ALWAYS_SEARCH_USER_PATHS = NO;
				CLANG_ANALYZER_NONNULL = YES;
				CLANG_ANALYZER_NUMBER_OBJECT_CONVERSION = YES_AGGRESSIVE;
				CLANG_CXX_LANGUAGE_STANDARD = "gnu++14";
				CLANG_CXX_LIBRARY = "libc++";
				CLANG_ENABLE_MODULES = YES;
				CLANG_ENABLE_OBJC_ARC = YES;
				CLANG_ENABLE_OBJC_WEAK = YES;
				CLANG_WARN_BLOCK_CAPTURE_AUTORELEASING = YES;
				CLANG_WARN_BOOL_CONVERSION = YES;
				CLANG_WARN_COMMA = YES;
				CLANG_WARN_CONSTANT_CONVERSION = YES;
				CLANG_WARN_DEPRECATED_OBJC_IMPLEMENTATIONS = YES;
				CLANG_WARN_DIRECT_OBJC_ISA_USAGE = YES_ERROR;
				CLANG_WARN_DOCUMENTATION_COMMENTS = YES;
				CLANG_WARN_EMPTY_BODY = YES;
				CLANG_WARN_ENUM_CONVERSION = YES;
				CLANG_WARN_INFINITE_RECURSION = YES;
				CLANG_WARN_INT_CONVERSION = YES;
				CLANG_WARN_NON_LITERAL_NULL_CONVERSION = YES;
				CLANG_WARN_OBJC_IMPLICIT_RETAIN_SELF = YES;
				CLANG_WARN_OBJC_LITERAL_CONVERSION = YES;
				CLANG_WARN_OBJC_ROOT_CLASS = YES_ERROR;
				CLANG_WARN_RANGE_LOOP_ANALYSIS = YES;
				CLANG_WARN_STRICT_PROTOTYPES = YES;
				CLANG_WARN_SUSPICIOUS_MOVE = YES;
				CLANG_WARN_UNGUARDED_AVAILABILITY = YES_AGGRESSIVE;
				CLANG_WARN_UNREACHABLE_CODE = YES;
				CLANG_WARN__DUPLICATE_METHOD_MATCH = YES;
				COPY_PHASE_STRIP = NO;
				DEBUG_INFORMATION_FORMAT = "dwarf-with-dsym";
				ENABLE_NS_ASSERTIONS = NO;
				ENABLE_STRICT_OBJC_MSGSEND = YES;
				GCC_C_LANGUAGE_STANDARD = gnu11;
				GCC_NO_COMMON_BLOCKS = YES;
				GCC_WARN_64_TO_32_BIT_CONVERSION = YES;
				GCC_WARN_ABOUT_RETURN_TYPE = YES_ERROR;
				GCC_WARN_UNDECLARED_SELECTOR = YES;
				GCC_WARN_UNINITIALIZED_AUTOS = YES_AGGRESSIVE;
				GCC_WARN_UNUSED_FUNCTION = YES;
				GCC_WARN_UNUSED_VARIABLE = YES;
				IPHONEOS_DEPLOYMENT_TARGET = 13.4;
				MTL_ENABLE_DEBUG_INFO = NO;
				MTL_FAST_MATH = YES;
				SDKROOT = iphoneos;
				SWIFT_COMPILATION_MODE = wholemodule;
				SWIFT_OPTIMIZATION_LEVEL = "-O";
				VALIDATE_PRODUCT = YES;
			};
			name = Release;
		};
		FE1518742476565500CF24DD /* Debug */ = {
			isa = XCBuildConfiguration;
			baseConfigurationReference = C9175DA5E7DE00D241DC2024 /* Pods-DemoMaskList.debug.xcconfig */;
			buildSettings = {
				ASSETCATALOG_COMPILER_APPICON_NAME = AppIcon;
				CODE_SIGN_STYLE = Automatic;
				DEVELOPMENT_TEAM = PVK56R4YSC;
				INFOPLIST_FILE = DemoMaskList/Info.plist;
				LD_RUNPATH_SEARCH_PATHS = (
					"$(inherited)",
					"@executable_path/Frameworks",
				);
				PRODUCT_BUNDLE_IDENTIFIER = com.kinlive.DemoMaskList;
				PRODUCT_NAME = "$(TARGET_NAME)";
				SWIFT_VERSION = 5.0;
				TARGETED_DEVICE_FAMILY = "1,2";
			};
			name = Debug;
		};
		FE1518752476565500CF24DD /* Release */ = {
			isa = XCBuildConfiguration;
			baseConfigurationReference = 36A7EE8B26E3A72FC236FB06 /* Pods-DemoMaskList.release.xcconfig */;
			buildSettings = {
				ASSETCATALOG_COMPILER_APPICON_NAME = AppIcon;
				CODE_SIGN_STYLE = Automatic;
				DEVELOPMENT_TEAM = PVK56R4YSC;
				INFOPLIST_FILE = DemoMaskList/Info.plist;
				LD_RUNPATH_SEARCH_PATHS = (
					"$(inherited)",
					"@executable_path/Frameworks",
				);
				PRODUCT_BUNDLE_IDENTIFIER = com.kinlive.DemoMaskList;
				PRODUCT_NAME = "$(TARGET_NAME)";
				SWIFT_VERSION = 5.0;
				TARGETED_DEVICE_FAMILY = "1,2";
			};
			name = Release;
		};
		FE1518772476565500CF24DD /* Debug */ = {
			isa = XCBuildConfiguration;
			baseConfigurationReference = 5AAC233CCA53DDB719B38F63 /* Pods-DemoMaskListTests.debug.xcconfig */;
			buildSettings = {
				ALWAYS_EMBED_SWIFT_STANDARD_LIBRARIES = YES;
				BUNDLE_LOADER = "$(TEST_HOST)";
				CODE_SIGN_STYLE = Automatic;
				DEVELOPMENT_TEAM = PVK56R4YSC;
				INFOPLIST_FILE = DemoMaskListTests/Info.plist;
				IPHONEOS_DEPLOYMENT_TARGET = 13.4;
				LD_RUNPATH_SEARCH_PATHS = (
					"$(inherited)",
					"@executable_path/Frameworks",
					"@loader_path/Frameworks",
				);
				PRODUCT_BUNDLE_IDENTIFIER = com.kinlive.DemoMaskListTests;
				PRODUCT_NAME = "$(TARGET_NAME)";
				SWIFT_VERSION = 5.0;
				TARGETED_DEVICE_FAMILY = "1,2";
				TEST_HOST = "$(BUILT_PRODUCTS_DIR)/DemoMaskList.app/DemoMaskList";
			};
			name = Debug;
		};
		FE1518782476565500CF24DD /* Release */ = {
			isa = XCBuildConfiguration;
			baseConfigurationReference = B6A770E714B1556E9EDC8B6A /* Pods-DemoMaskListTests.release.xcconfig */;
			buildSettings = {
				ALWAYS_EMBED_SWIFT_STANDARD_LIBRARIES = YES;
				BUNDLE_LOADER = "$(TEST_HOST)";
				CODE_SIGN_STYLE = Automatic;
				DEVELOPMENT_TEAM = PVK56R4YSC;
				INFOPLIST_FILE = DemoMaskListTests/Info.plist;
				IPHONEOS_DEPLOYMENT_TARGET = 13.4;
				LD_RUNPATH_SEARCH_PATHS = (
					"$(inherited)",
					"@executable_path/Frameworks",
					"@loader_path/Frameworks",
				);
				PRODUCT_BUNDLE_IDENTIFIER = com.kinlive.DemoMaskListTests;
				PRODUCT_NAME = "$(TARGET_NAME)";
				SWIFT_VERSION = 5.0;
				TARGETED_DEVICE_FAMILY = "1,2";
				TEST_HOST = "$(BUILT_PRODUCTS_DIR)/DemoMaskList.app/DemoMaskList";
			};
			name = Release;
		};
/* End XCBuildConfiguration section */

/* Begin XCConfigurationList section */
		FE15184F2476565100CF24DD /* Build configuration list for PBXProject "DemoMaskList" */ = {
			isa = XCConfigurationList;
			buildConfigurations = (
				FE1518712476565500CF24DD /* Debug */,
				FE1518722476565500CF24DD /* Release */,
			);
			defaultConfigurationIsVisible = 0;
			defaultConfigurationName = Release;
		};
		FE1518732476565500CF24DD /* Build configuration list for PBXNativeTarget "DemoMaskList" */ = {
			isa = XCConfigurationList;
			buildConfigurations = (
				FE1518742476565500CF24DD /* Debug */,
				FE1518752476565500CF24DD /* Release */,
			);
			defaultConfigurationIsVisible = 0;
			defaultConfigurationName = Release;
		};
		FE1518762476565500CF24DD /* Build configuration list for PBXNativeTarget "DemoMaskListTests" */ = {
			isa = XCConfigurationList;
			buildConfigurations = (
				FE1518772476565500CF24DD /* Debug */,
				FE1518782476565500CF24DD /* Release */,
			);
			defaultConfigurationIsVisible = 0;
			defaultConfigurationName = Release;
		};
/* End XCConfigurationList section */
	};
	rootObject = FE15184C2476565100CF24DD /* Project object */;
}
